
Microsoft Visual Studio Solution File, Format Version 12.00
Project("{FAE04EC0-301F-11D3-BF4B-00C04F79EFBC}") = "Codefarts.ScreenManager.MonoGame", "Codefarts.ScreenManager.MonoGame\Codefarts.ScreenManager.MonoGame.csproj", "{07A79771-446A-462C-A3A4-178939119FF6}"
EndProject
Project("{FAE04EC0-301F-11D3-BF4B-00C04F79EFBC}") = "Codefarts.ScreenManager", "Codefarts.ScreenManager\Codefarts.ScreenManager.csproj", "{96B88176-4CE0-4981-A1F4-AEBD3C27AE27}"
EndProject
Global
	GlobalSection(SolutionConfigurationPlatforms) = preSolution
		Debug|Any CPU = Debug|Any CPU
		Release|Any CPU = Release|Any CPU
	EndGlobalSection
	GlobalSection(ProjectConfigurationPlatforms) = postSolution
		{07A79771-446A-462C-A3A4-178939119FF6}.Debug|Any CPU.ActiveCfg = Debug|Any CPU
		{07A79771-446A-462C-A3A4-178939119FF6}.Debug|Any CPU.Build.0 = Debug|Any CPU
		{07A79771-446A-462C-A3A4-178939119FF6}.Release|Any CPU.ActiveCfg = Release|Any CPU
		{07A79771-446A-462C-A3A4-178939119FF6}.Release|Any CPU.Build.0 = Release|Any CPU
		{96B88176-4CE0-4981-A1F4-AEBD3C27AE27}.Debug|Any CPU.ActiveCfg = Debug|Any CPU
		{96B88176-4CE0-4981-A1F4-AEBD3C27AE27}.Debug|Any CPU.Build.0 = Debug|Any CPU
		{96B88176-4CE0-4981-A1F4-AEBD3C27AE27}.Release|Any CPU.ActiveCfg = Release|Any CPU
		{96B88176-4CE0-4981-A1F4-AEBD3C27AE27}.Release|Any CPU.Build.0 = Release|Any CPU
	EndGlobalSection
EndGlobal
